<?xml version="1.0" encoding="utf-8"?>
<Project ToolsVersion="4.0" xmlns="http://schemas.microsoft.com/developer/msbuild/2003">
  <ItemGroup>
    <ClCompile Include="Render\Camera.cpp">
      <Filter>Render</Filter>
    </ClCompile>
    <ClCompile Include="Render\Render.cpp">
      <Filter>Render</Filter>
    </ClCompile>
    <ClCompile Include="RenderUtils.cpp" />
    <ClCompile Include="main.cpp" />
    <ClCompile Include="callbacks.cpp" />
    <ClCompile Include="Particle.cpp">
      <Filter>Practicas</Filter>
    </ClCompile>
    <ClCompile Include="Plane.cpp">
      <Filter>Practicas</Filter>
    </ClCompile>
    <ClCompile Include="Projectile.cpp">
      <Filter>Practicas</Filter>
    </ClCompile>
    <ClCompile Include="ParticleGenerator.cpp">
      <Filter>Practicas</Filter>
    </ClCompile>
    <ClCompile Include="GaussianParticleGenerator.cpp">
      <Filter>Practicas</Filter>
    </ClCompile>
    <ClCompile Include="SimpleParticleGenerator.cpp">
      <Filter>Practicas</Filter>
    </ClCompile>
    <ClCompile Include="ParticleSystem.cpp">
      <Filter>Practicas</Filter>
    </ClCompile>
    <ClCompile Include="Firework.cpp">
      <Filter>Practicas</Filter>
    </ClCompile>
    <ClCompile Include="ForceGenerator.cpp">
      <Filter>Practicas</Filter>
    </ClCompile>
    <ClCompile Include="ParticleForceRegistry.cpp">
      <Filter>Practicas</Filter>
    </ClCompile>
    <ClCompile Include="GravityForceGenerator.cpp">
      <Filter>Practicas</Filter>
    </ClCompile>
    <ClCompile Include="WindForceGenerator.cpp">
      <Filter>Practicas</Filter>
    </ClCompile>
    <ClCompile Include="WindAreaForceGenerator.cpp">
      <Filter>Practicas</Filter>
    </ClCompile>
    <ClCompile Include="TornadoAreaForceGenerator.cpp">
      <Filter>Practicas</Filter>
    </ClCompile>
    <ClCompile Include="ExplosionForceGenerator.cpp">
      <Filter>Practicas</Filter>
    </ClCompile>
    <ClCompile Include="ExplosionExpandingForceGenerator.cpp">
      <Filter>Practicas</Filter>
    </ClCompile>
    <ClCompile Include="SpringForceGenerator.cpp">
      <Filter>Practicas</Filter>
    </ClCompile>
    <ClCompile Include="AnchoredSpringForceGenerator.cpp">
      <Filter>Practicas</Filter>
    </ClCompile>
    <ClCompile Include="BuoyancyForceGenerator.cpp">
      <Filter>Practicas</Filter>
    </ClCompile>
    <ClCompile Include="AngryBirdsObject.cpp">
      <Filter>AngryBirds</Filter>
    </ClCompile>
    <ClCompile Include="BuildingBlock.cpp">
      <Filter>AngryBirds</Filter>
    </ClCompile>
    <ClCompile Include="GroundBlock.cpp">
      <Filter>AngryBirds</Filter>
    </ClCompile>
    <ClCompile Include="LevelManager.cpp">
      <Filter>AngryBirds</Filter>
    </ClCompile>
    <ClCompile Include="Bird.cpp">
      <Filter>AngryBirds\Birds</Filter>
    </ClCompile>
    <ClCompile Include="RBSystem.cpp">
      <Filter>RBs</Filter>
    </ClCompile>
    <ClCompile Include="RBForceGenerator.cpp">
      <Filter>RBs</Filter>
    </ClCompile>
    <ClCompile Include="RBForceRegistry.cpp">
      <Filter>RBs</Filter>
    </ClCompile>
  </ItemGroup>
  <ItemGroup>
    <ClInclude Include="core.hpp" />
    <ClInclude Include="Render\Camera.h">
      <Filter>Render</Filter>
    </ClInclude>
    <ClInclude Include="Render\Render.h">
      <Filter>Render</Filter>
    </ClInclude>
    <ClInclude Include="RenderUtils.hpp" />
    <ClInclude Include="callbacks.hpp" />
    <ClInclude Include="Particle.h">
      <Filter>Practicas</Filter>
    </ClInclude>
    <ClInclude Include="Plane.h">
      <Filter>Practicas</Filter>
    </ClInclude>
    <ClInclude Include="Projectile.h">
      <Filter>Practicas</Filter>
    </ClInclude>
    <ClInclude Include="ParticleGenerator.h">
      <Filter>Practicas</Filter>
    </ClInclude>
    <ClInclude Include="GaussianParticleGenerator.h">
      <Filter>Practicas</Filter>
    </ClInclude>
    <ClInclude Include="SimpleParticleGenerator.h">
      <Filter>Practicas</Filter>
    </ClInclude>
    <ClInclude Include="ParticleSystem.h">
      <Filter>Practicas</Filter>
    </ClInclude>
    <ClInclude Include="WaterDropParticle.h">
      <Filter>Practicas</Filter>
    </ClInclude>
    <ClInclude Include="Firework.h">
      <Filter>Practicas</Filter>
    </ClInclude>
    <ClInclude Include="ForceGenerator.h">
      <Filter>Practicas</Filter>
    </ClInclude>
    <ClInclude Include="ParticleForceRegistry.h">
      <Filter>Practicas</Filter>
    </ClInclude>
    <ClInclude Include="GravityForceGenerator.h">
      <Filter>Practicas</Filter>
    </ClInclude>
    <ClInclude Include="WindForceGenerator.h">
      <Filter>Practicas</Filter>
    </ClInclude>
    <ClInclude Include="WindAreaForceGenerator.h">
      <Filter>Practicas</Filter>
    </ClInclude>
    <ClInclude Include="TornadoAreaForceGenerator.h">
      <Filter>Practicas</Filter>
    </ClInclude>
    <ClInclude Include="BallParticle.h">
      <Filter>Practicas</Filter>
    </ClInclude>
    <ClInclude Include="ExplosionForceGenerator.h">
      <Filter>Practicas</Filter>
    </ClInclude>
    <ClInclude Include="ExplosionExpandingForceGenerator.h">
      <Filter>Practicas</Filter>
    </ClInclude>
    <ClInclude Include="SpringForceGenerator.h">
      <Filter>Practicas</Filter>
    </ClInclude>
    <ClInclude Include="AnchoredSpringForceGenerator.h">
      <Filter>Practicas</Filter>
    </ClInclude>
    <ClInclude Include="BuoyancyForceGenerator.h">
      <Filter>Practicas</Filter>
    </ClInclude>
    <ClInclude Include="AngryBirdsObject.h">
      <Filter>AngryBirds</Filter>
    </ClInclude>
    <ClInclude Include="BuildingBlock.h">
      <Filter>AngryBirds</Filter>
    </ClInclude>
    <ClInclude Include="GroundBlock.h">
      <Filter>AngryBirds</Filter>
    </ClInclude>
    <ClInclude Include="LevelManager.h">
      <Filter>AngryBirds</Filter>
    </ClInclude>
    <ClInclude Include="Bird.h">
      <Filter>AngryBirds\Birds</Filter>
    </ClInclude>
    <ClInclude Include="RBSystem.h">
      <Filter>RBs</Filter>
    </ClInclude>
    <ClInclude Include="RBForceGenerator.h">
      <Filter>RBs</Filter>
    </ClInclude>
    <ClInclude Include="RBForceRegistry.h">
      <Filter>RBs</Filter>
    </ClInclude>
  </ItemGroup>
  <ItemGroup>
    <Filter Include="Render">
      <UniqueIdentifier>{d04b4f9f-5a69-465e-8070-25c6d0bcd3c2}</UniqueIdentifier>
    </Filter>
    <Filter Include="Practicas">
      <UniqueIdentifier>{1b029bb1-eae2-406c-bab4-16ac937688fb}</UniqueIdentifier>
    </Filter>
    <Filter Include="AngryBirds">
      <UniqueIdentifier>{22adc470-73d4-43af-adbd-feaef0c3c716}</UniqueIdentifier>
    </Filter>
    <Filter Include="AngryBirds\Birds">
      <UniqueIdentifier>{a1b70149-298b-4e31-9c97-9e93ef58af3e}</UniqueIdentifier>
    </Filter>
    <Filter Include="RBs">
      <UniqueIdentifier>{9c89f5d9-85f6-4763-9909-d82986ffc0e5}</UniqueIdentifier>
    </Filter>
  </ItemGroup>
</Project>